
Microsoft Visual Studio Solution File, Format Version 12.00
# Visual Studio Version 16
VisualStudioVersion = 16.0.31702.278
MinimumVisualStudioVersion = 10.0.40219.1
Project("{FAE04EC0-301F-11D3-BF4B-00C04F79EFBC}") = "TileMaker", "TileMaker.csproj", "{FE145A40-6883-4472-BB47-EA1CBDE53BEE}"
EndProject
Global
	GlobalSection(SolutionConfigurationPlatforms) = preSolution
		Debug|Any CPU = Debug|Any CPU
		Release|Any CPU = Release|Any CPU
	EndGlobalSection
	GlobalSection(ProjectConfigurationPlatforms) = postSolution
		{FE145A40-6883-4472-BB47-EA1CBDE53BEE}.Debug|Any CPU.ActiveCfg = Debug|Any CPU
		{FE145A40-6883-4472-BB47-EA1CBDE53BEE}.Debug|Any CPU.Build.0 = Debug|Any CPU
		{FE145A40-6883-4472-BB47-EA1CBDE53BEE}.Release|Any CPU.ActiveCfg = Release|Any CPU
		{FE145A40-6883-4472-BB47-EA1CBDE53BEE}.Release|Any CPU.Build.0 = Release|Any CPU
	EndGlobalSection
	GlobalSection(SolutionProperties) = preSolution
		HideSolutionNode = FALSE
	EndGlobalSection
	GlobalSection(ExtensibilityGlobals) = postSolution
		SolutionGuid = {67FAF3AF-B959-4B7B-928F-2C35647C4F65}
	EndGlobalSection
EndGlobal
